// !$*UTF8*$!
{
	archiveVersion = 1;
	classes = {
	};
	objectVersion = 46;
	objects = {

/* Begin PBXBuildFile section */
		4E0561301BD5DBF400135D92 /* main.m in Sources */ = {isa = PBXBuildFile; fileRef = 4E05612F1BD5DBF400135D92 /* main.m */; };
		4E0561491BD5DBF400135D92 /* DoUCareTests.m in Sources */ = {isa = PBXBuildFile; fileRef = 4E0561481BD5DBF400135D92 /* DoUCareTests.m */; };
		4E0561541BD5DBF400135D92 /* DoUCareUITests.m in Sources */ = {isa = PBXBuildFile; fileRef = 4E0561531BD5DBF400135D92 /* DoUCareUITests.m */; };
		4E40D7461BD72D7200A6FEFE /* DCInfoListCell.m in Sources */ = {isa = PBXBuildFile; fileRef = 4E40D7451BD72D7200A6FEFE /* DCInfoListCell.m */; settings = {ASSET_TAGS = (); }; };
		4E40D7691BD73B5200A6FEFE /* MKAnnotationView+WebCache.m in Sources */ = {isa = PBXBuildFile; fileRef = 4E40D7491BD73B5200A6FEFE /* MKAnnotationView+WebCache.m */; settings = {ASSET_TAGS = (); }; };
		4E40D76A1BD73B5200A6FEFE /* NSData+ImageContentType.m in Sources */ = {isa = PBXBuildFile; fileRef = 4E40D74B1BD73B5200A6FEFE /* NSData+ImageContentType.m */; settings = {ASSET_TAGS = (); }; };
		4E40D76B1BD73B5200A6FEFE /* SDImageCache.m in Sources */ = {isa = PBXBuildFile; fileRef = 4E40D74D1BD73B5200A6FEFE /* SDImageCache.m */; settings = {ASSET_TAGS = (); }; };
		4E40D76C1BD73B5200A6FEFE /* SDWebImageCompat.m in Sources */ = {isa = PBXBuildFile; fileRef = 4E40D74F1BD73B5200A6FEFE /* SDWebImageCompat.m */; settings = {ASSET_TAGS = (); }; };
		4E40D76D1BD73B5200A6FEFE /* SDWebImageDecoder.m in Sources */ = {isa = PBXBuildFile; fileRef = 4E40D7511BD73B5200A6FEFE /* SDWebImageDecoder.m */; settings = {ASSET_TAGS = (); }; };
		4E40D76E1BD73B5200A6FEFE /* SDWebImageDownloader.m in Sources */ = {isa = PBXBuildFile; fileRef = 4E40D7531BD73B5200A6FEFE /* SDWebImageDownloader.m */; settings = {ASSET_TAGS = (); }; };
		4E40D76F1BD73B5200A6FEFE /* SDWebImageDownloaderOperation.m in Sources */ = {isa = PBXBuildFile; fileRef = 4E40D7551BD73B5200A6FEFE /* SDWebImageDownloaderOperation.m */; settings = {ASSET_TAGS = (); }; };
		4E40D7701BD73B5200A6FEFE /* SDWebImageManager.m in Sources */ = {isa = PBXBuildFile; fileRef = 4E40D7571BD73B5200A6FEFE /* SDWebImageManager.m */; settings = {ASSET_TAGS = (); }; };
		4E40D7711BD73B5200A6FEFE /* SDWebImagePrefetcher.m in Sources */ = {isa = PBXBuildFile; fileRef = 4E40D75A1BD73B5200A6FEFE /* SDWebImagePrefetcher.m */; settings = {ASSET_TAGS = (); }; };
		4E40D7721BD73B5200A6FEFE /* UIButton+WebCache.m in Sources */ = {isa = PBXBuildFile; fileRef = 4E40D75C1BD73B5200A6FEFE /* UIButton+WebCache.m */; settings = {ASSET_TAGS = (); }; };
		4E40D7731BD73B5200A6FEFE /* UIImage+GIF.m in Sources */ = {isa = PBXBuildFile; fileRef = 4E40D75E1BD73B5200A6FEFE /* UIImage+GIF.m */; settings = {ASSET_TAGS = (); }; };
		4E40D7741BD73B5200A6FEFE /* UIImage+MultiFormat.m in Sources */ = {isa = PBXBuildFile; fileRef = 4E40D7601BD73B5200A6FEFE /* UIImage+MultiFormat.m */; settings = {ASSET_TAGS = (); }; };
		4E40D7751BD73B5200A6FEFE /* UIImage+WebP.m in Sources */ = {isa = PBXBuildFile; fileRef = 4E40D7621BD73B5200A6FEFE /* UIImage+WebP.m */; settings = {ASSET_TAGS = (); }; };
		4E40D7761BD73B5200A6FEFE /* UIImageView+HighlightedWebCache.m in Sources */ = {isa = PBXBuildFile; fileRef = 4E40D7641BD73B5200A6FEFE /* UIImageView+HighlightedWebCache.m */; settings = {ASSET_TAGS = (); }; };
		4E40D7771BD73B5200A6FEFE /* UIImageView+WebCache.m in Sources */ = {isa = PBXBuildFile; fileRef = 4E40D7661BD73B5200A6FEFE /* UIImageView+WebCache.m */; settings = {ASSET_TAGS = (); }; };
		4E40D7781BD73B5200A6FEFE /* UIView+WebCacheOperation.m in Sources */ = {isa = PBXBuildFile; fileRef = 4E40D7681BD73B5200A6FEFE /* UIView+WebCacheOperation.m */; settings = {ASSET_TAGS = (); }; };
		4E586B421BD66E3200669945 /* DCCollectionViewController.m in Sources */ = {isa = PBXBuildFile; fileRef = 4E586B0D1BD66E3200669945 /* DCCollectionViewController.m */; settings = {ASSET_TAGS = (); }; };
		4E586B431BD66E3200669945 /* DCMainInfoViewController.m in Sources */ = {isa = PBXBuildFile; fileRef = 4E586B101BD66E3200669945 /* DCMainInfoViewController.m */; settings = {ASSET_TAGS = (); }; };
		4E586B441BD66E3200669945 /* DCNavController.m in Sources */ = {isa = PBXBuildFile; fileRef = 4E586B141BD66E3200669945 /* DCNavController.m */; settings = {ASSET_TAGS = (); }; };
		4E586B451BD66E3200669945 /* DCTabBarController.m in Sources */ = {isa = PBXBuildFile; fileRef = 4E586B161BD66E3200669945 /* DCTabBarController.m */; settings = {ASSET_TAGS = (); }; };
		4E586B461BD66E3200669945 /* BaseModel.m in Sources */ = {isa = PBXBuildFile; fileRef = 4E586B191BD66E3200669945 /* BaseModel.m */; settings = {ASSET_TAGS = (); }; };
		4E586B471BD66E3200669945 /* DCInfoLIstModel.m in Sources */ = {isa = PBXBuildFile; fileRef = 4E586B1B1BD66E3200669945 /* DCInfoLIstModel.m */; settings = {ASSET_TAGS = (); }; };
		4E586B481BD66E3200669945 /* DCNewsViewController.m in Sources */ = {isa = PBXBuildFile; fileRef = 4E586B1E1BD66E3200669945 /* DCNewsViewController.m */; settings = {ASSET_TAGS = (); }; };
		4E586B491BD66E3200669945 /* AppDelegate.m in Sources */ = {isa = PBXBuildFile; fileRef = 4E586B211BD66E3200669945 /* AppDelegate.m */; settings = {ASSET_TAGS = (); }; };
		4E586B4A1BD66E3200669945 /* ViewController.m in Sources */ = {isa = PBXBuildFile; fileRef = 4E586B231BD66E3200669945 /* ViewController.m */; settings = {ASSET_TAGS = (); }; };
		4E586B4D1BD66E3200669945 /* DCSearchViewController.m in Sources */ = {isa = PBXBuildFile; fileRef = 4E586B291BD66E3200669945 /* DCSearchViewController.m */; settings = {ASSET_TAGS = (); }; };
		4E586B5E1BD66E7900669945 /* Assets.xcassets in Resources */ = {isa = PBXBuildFile; fileRef = 4E586B5D1BD66E7900669945 /* Assets.xcassets */; settings = {ASSET_TAGS = (); }; };
		4E586C181BD6717000669945 /* LaunchScreen.storyboard in Resources */ = {isa = PBXBuildFile; fileRef = 4E586C141BD6717000669945 /* LaunchScreen.storyboard */; settings = {ASSET_TAGS = (); }; };
		4E586C191BD6717000669945 /* Main.storyboard in Resources */ = {isa = PBXBuildFile; fileRef = 4E586C161BD6717000669945 /* Main.storyboard */; settings = {ASSET_TAGS = (); }; };
		4E586C1C1BD671AA00669945 /* classify.plist in Resources */ = {isa = PBXBuildFile; fileRef = 4E586C1A1BD671AA00669945 /* classify.plist */; settings = {ASSET_TAGS = (); }; };
		4E586C1D1BD671AA00669945 /* Info.plist in Resources */ = {isa = PBXBuildFile; fileRef = 4E586C1B1BD671AA00669945 /* Info.plist */; settings = {ASSET_TAGS = (); }; };
		4E586C211BD673A700669945 /* DCDetailInfoModel.m in Sources */ = {isa = PBXBuildFile; fileRef = 4E586C201BD673A700669945 /* DCDetailInfoModel.m */; settings = {ASSET_TAGS = (); }; };
/* End PBXBuildFile section */

/* Begin PBXContainerItemProxy section */
		4E0561451BD5DBF400135D92 /* PBXContainerItemProxy */ = {
			isa = PBXContainerItemProxy;
			containerPortal = 4E0561231BD5DBF400135D92 /* Project object */;
			proxyType = 1;
			remoteGlobalIDString = 4E05612A1BD5DBF400135D92;
			remoteInfo = DoUCare;
		};
		4E0561501BD5DBF400135D92 /* PBXContainerItemProxy */ = {
			isa = PBXContainerItemProxy;
			containerPortal = 4E0561231BD5DBF400135D92 /* Project object */;
			proxyType = 1;
			remoteGlobalIDString = 4E05612A1BD5DBF400135D92;
			remoteInfo = DoUCare;
		};
/* End PBXContainerItemProxy section */

/* Begin PBXFileReference section */
		4E05612B1BD5DBF400135D92 /* DoUCare.app */ = {isa = PBXFileReference; explicitFileType = wrapper.application; includeInIndex = 0; path = DoUCare.app; sourceTree = BUILT_PRODUCTS_DIR; };
		4E05612F1BD5DBF400135D92 /* main.m */ = {isa = PBXFileReference; lastKnownFileType = sourcecode.c.objc; path = main.m; sourceTree = "<group>"; };
		4E0561441BD5DBF400135D92 /* DoUCareTests.xctest */ = {isa = PBXFileReference; explicitFileType = wrapper.cfbundle; includeInIndex = 0; path = DoUCareTests.xctest; sourceTree = BUILT_PRODUCTS_DIR; };
		4E0561481BD5DBF400135D92 /* DoUCareTests.m */ = {isa = PBXFileReference; lastKnownFileType = sourcecode.c.objc; path = DoUCareTests.m; sourceTree = "<group>"; };
		4E05614A1BD5DBF400135D92 /* Info.plist */ = {isa = PBXFileReference; lastKnownFileType = text.plist.xml; path = Info.plist; sourceTree = "<group>"; };
		4E05614F1BD5DBF400135D92 /* DoUCareUITests.xctest */ = {isa = PBXFileReference; explicitFileType = wrapper.cfbundle; includeInIndex = 0; path = DoUCareUITests.xctest; sourceTree = BUILT_PRODUCTS_DIR; };
		4E0561531BD5DBF400135D92 /* DoUCareUITests.m */ = {isa = PBXFileReference; lastKnownFileType = sourcecode.c.objc; path = DoUCareUITests.m; sourceTree = "<group>"; };
		4E0561551BD5DBF400135D92 /* Info.plist */ = {isa = PBXFileReference; lastKnownFileType = text.plist.xml; path = Info.plist; sourceTree = "<group>"; };
		4E40D7441BD72D7200A6FEFE /* DCInfoListCell.h */ = {isa = PBXFileReference; fileEncoding = 4; lastKnownFileType = sourcecode.c.h; path = DCInfoListCell.h; sourceTree = "<group>"; };
		4E40D7451BD72D7200A6FEFE /* DCInfoListCell.m */ = {isa = PBXFileReference; fileEncoding = 4; lastKnownFileType = sourcecode.c.objc; path = DCInfoListCell.m; sourceTree = "<group>"; };
		4E40D7481BD73B5200A6FEFE /* MKAnnotationView+WebCache.h */ = {isa = PBXFileReference; fileEncoding = 4; lastKnownFileType = sourcecode.c.h; path = "MKAnnotationView+WebCache.h"; sourceTree = "<group>"; };
		4E40D7491BD73B5200A6FEFE /* MKAnnotationView+WebCache.m */ = {isa = PBXFileReference; fileEncoding = 4; lastKnownFileType = sourcecode.c.objc; path = "MKAnnotationView+WebCache.m"; sourceTree = "<group>"; };
		4E40D74A1BD73B5200A6FEFE /* NSData+ImageContentType.h */ = {isa = PBXFileReference; fileEncoding = 4; lastKnownFileType = sourcecode.c.h; path = "NSData+ImageContentType.h"; sourceTree = "<group>"; };
		4E40D74B1BD73B5200A6FEFE /* NSData+ImageContentType.m */ = {isa = PBXFileReference; fileEncoding = 4; lastKnownFileType = sourcecode.c.objc; path = "NSData+ImageContentType.m"; sourceTree = "<group>"; };
		4E40D74C1BD73B5200A6FEFE /* SDImageCache.h */ = {isa = PBXFileReference; fileEncoding = 4; lastKnownFileType = sourcecode.c.h; path = SDImageCache.h; sourceTree = "<group>"; };
		4E40D74D1BD73B5200A6FEFE /* SDImageCache.m */ = {isa = PBXFileReference; fileEncoding = 4; lastKnownFileType = sourcecode.c.objc; path = SDImageCache.m; sourceTree = "<group>"; };
		4E40D74E1BD73B5200A6FEFE /* SDWebImageCompat.h */ = {isa = PBXFileReference; fileEncoding = 4; lastKnownFileType = sourcecode.c.h; path = SDWebImageCompat.h; sourceTree = "<group>"; };
		4E40D74F1BD73B5200A6FEFE /* SDWebImageCompat.m */ = {isa = PBXFileReference; fileEncoding = 4; lastKnownFileType = sourcecode.c.objc; path = SDWebImageCompat.m; sourceTree = "<group>"; };
		4E40D7501BD73B5200A6FEFE /* SDWebImageDecoder.h */ = {isa = PBXFileReference; fileEncoding = 4; lastKnownFileType = sourcecode.c.h; path = SDWebImageDecoder.h; sourceTree = "<group>"; };
		4E40D7511BD73B5200A6FEFE /* SDWebImageDecoder.m */ = {isa = PBXFileReference; fileEncoding = 4; lastKnownFileType = sourcecode.c.objc; path = SDWebImageDecoder.m; sourceTree = "<group>"; };
		4E40D7521BD73B5200A6FEFE /* SDWebImageDownloader.h */ = {isa = PBXFileReference; fileEncoding = 4; lastKnownFileType = sourcecode.c.h; path = SDWebImageDownloader.h; sourceTree = "<group>"; };
		4E40D7531BD73B5200A6FEFE /* SDWebImageDownloader.m */ = {isa = PBXFileReference; fileEncoding = 4; lastKnownFileType = sourcecode.c.objc; path = SDWebImageDownloader.m; sourceTree = "<group>"; };
		4E40D7541BD73B5200A6FEFE /* SDWebImageDownloaderOperation.h */ = {isa = PBXFileReference; fileEncoding = 4; lastKnownFileType = sourcecode.c.h; path = SDWebImageDownloaderOperation.h; sourceTree = "<group>"; };
		4E40D7551BD73B5200A6FEFE /* SDWebImageDownloaderOperation.m */ = {isa = PBXFileReference; fileEncoding = 4; lastKnownFileType = sourcecode.c.objc; path = SDWebImageDownloaderOperation.m; sourceTree = "<group>"; };
		4E40D7561BD73B5200A6FEFE /* SDWebImageManager.h */ = {isa = PBXFileReference; fileEncoding = 4; lastKnownFileType = sourcecode.c.h; path = SDWebImageManager.h; sourceTree = "<group>"; };
		4E40D7571BD73B5200A6FEFE /* SDWebImageManager.m */ = {isa = PBXFileReference; fileEncoding = 4; lastKnownFileType = sourcecode.c.objc; path = SDWebImageManager.m; sourceTree = "<group>"; };
		4E40D7581BD73B5200A6FEFE /* SDWebImageOperation.h */ = {isa = PBXFileReference; fileEncoding = 4; lastKnownFileType = sourcecode.c.h; path = SDWebImageOperation.h; sourceTree = "<group>"; };
		4E40D7591BD73B5200A6FEFE /* SDWebImagePrefetcher.h */ = {isa = PBXFileReference; fileEncoding = 4; lastKnownFileType = sourcecode.c.h; path = SDWebImagePrefetcher.h; sourceTree = "<group>"; };
		4E40D75A1BD73B5200A6FEFE /* SDWebImagePrefetcher.m */ = {isa = PBXFileReference; fileEncoding = 4; lastKnownFileType = sourcecode.c.objc; path = SDWebImagePrefetcher.m; sourceTree = "<group>"; };
		4E40D75B1BD73B5200A6FEFE /* UIButton+WebCache.h */ = {isa = PBXFileReference; fileEncoding = 4; lastKnownFileType = sourcecode.c.h; path = "UIButton+WebCache.h"; sourceTree = "<group>"; };
		4E40D75C1BD73B5200A6FEFE /* UIButton+WebCache.m */ = {isa = PBXFileReference; fileEncoding = 4; lastKnownFileType = sourcecode.c.objc; path = "UIButton+WebCache.m"; sourceTree = "<group>"; };
		4E40D75D1BD73B5200A6FEFE /* UIImage+GIF.h */ = {isa = PBXFileReference; fileEncoding = 4; lastKnownFileType = sourcecode.c.h; path = "UIImage+GIF.h"; sourceTree = "<group>"; };
		4E40D75E1BD73B5200A6FEFE /* UIImage+GIF.m */ = {isa = PBXFileReference; fileEncoding = 4; lastKnownFileType = sourcecode.c.objc; path = "UIImage+GIF.m"; sourceTree = "<group>"; };
		4E40D75F1BD73B5200A6FEFE /* UIImage+MultiFormat.h */ = {isa = PBXFileReference; fileEncoding = 4; lastKnownFileType = sourcecode.c.h; path = "UIImage+MultiFormat.h"; sourceTree = "<group>"; };
		4E40D7601BD73B5200A6FEFE /* UIImage+MultiFormat.m */ = {isa = PBXFileReference; fileEncoding = 4; lastKnownFileType = sourcecode.c.objc; path = "UIImage+MultiFormat.m"; sourceTree = "<group>"; };
		4E40D7611BD73B5200A6FEFE /* UIImage+WebP.h */ = {isa = PBXFileReference; fileEncoding = 4; lastKnownFileType = sourcecode.c.h; path = "UIImage+WebP.h"; sourceTree = "<group>"; };
		4E40D7621BD73B5200A6FEFE /* UIImage+WebP.m */ = {isa = PBXFileReference; fileEncoding = 4; lastKnownFileType = sourcecode.c.objc; path = "UIImage+WebP.m"; sourceTree = "<group>"; };
		4E40D7631BD73B5200A6FEFE /* UIImageView+HighlightedWebCache.h */ = {isa = PBXFileReference; fileEncoding = 4; lastKnownFileType = sourcecode.c.h; path = "UIImageView+HighlightedWebCache.h"; sourceTree = "<group>"; };
		4E40D7641BD73B5200A6FEFE /* UIImageView+HighlightedWebCache.m */ = {isa = PBXFileReference; fileEncoding = 4; lastKnownFileType = sourcecode.c.objc; path = "UIImageView+HighlightedWebCache.m"; sourceTree = "<group>"; };
		4E40D7651BD73B5200A6FEFE /* UIImageView+WebCache.h */ = {isa = PBXFileReference; fileEncoding = 4; lastKnownFileType = sourcecode.c.h; path = "UIImageView+WebCache.h"; sourceTree = "<group>"; };
		4E40D7661BD73B5200A6FEFE /* UIImageView+WebCache.m */ = {isa = PBXFileReference; fileEncoding = 4; lastKnownFileType = sourcecode.c.objc; path = "UIImageView+WebCache.m"; sourceTree = "<group>"; };
		4E40D7671BD73B5200A6FEFE /* UIView+WebCacheOperation.h */ = {isa = PBXFileReference; fileEncoding = 4; lastKnownFileType = sourcecode.c.h; path = "UIView+WebCacheOperation.h"; sourceTree = "<group>"; };
		4E40D7681BD73B5200A6FEFE /* UIView+WebCacheOperation.m */ = {isa = PBXFileReference; fileEncoding = 4; lastKnownFileType = sourcecode.c.objc; path = "UIView+WebCacheOperation.m"; sourceTree = "<group>"; };
		4E586B0C1BD66E3200669945 /* DCCollectionViewController.h */ = {isa = PBXFileReference; fileEncoding = 4; lastKnownFileType = sourcecode.c.h; path = DCCollectionViewController.h; sourceTree = "<group>"; };
		4E586B0D1BD66E3200669945 /* DCCollectionViewController.m */ = {isa = PBXFileReference; fileEncoding = 4; lastKnownFileType = sourcecode.c.objc; path = DCCollectionViewController.m; sourceTree = "<group>"; };
		4E586B0F1BD66E3200669945 /* DCMainInfoViewController.h */ = {isa = PBXFileReference; fileEncoding = 4; lastKnownFileType = sourcecode.c.h; path = DCMainInfoViewController.h; sourceTree = "<group>"; };
		4E586B101BD66E3200669945 /* DCMainInfoViewController.m */ = {isa = PBXFileReference; fileEncoding = 4; lastKnownFileType = sourcecode.c.objc; path = DCMainInfoViewController.m; sourceTree = "<group>"; };
		4E586B131BD66E3200669945 /* DCNavController.h */ = {isa = PBXFileReference; fileEncoding = 4; lastKnownFileType = sourcecode.c.h; path = DCNavController.h; sourceTree = "<group>"; };
		4E586B141BD66E3200669945 /* DCNavController.m */ = {isa = PBXFileReference; fileEncoding = 4; lastKnownFileType = sourcecode.c.objc; path = DCNavController.m; sourceTree = "<group>"; };
		4E586B151BD66E3200669945 /* DCTabBarController.h */ = {isa = PBXFileReference; fileEncoding = 4; lastKnownFileType = sourcecode.c.h; path = DCTabBarController.h; sourceTree = "<group>"; };
		4E586B161BD66E3200669945 /* DCTabBarController.m */ = {isa = PBXFileReference; fileEncoding = 4; lastKnownFileType = sourcecode.c.objc; path = DCTabBarController.m; sourceTree = "<group>"; };
		4E586B181BD66E3200669945 /* BaseModel.h */ = {isa = PBXFileReference; fileEncoding = 4; lastKnownFileType = sourcecode.c.h; path = BaseModel.h; sourceTree = "<group>"; };
		4E586B191BD66E3200669945 /* BaseModel.m */ = {isa = PBXFileReference; fileEncoding = 4; lastKnownFileType = sourcecode.c.objc; path = BaseModel.m; sourceTree = "<group>"; };
		4E586B1A1BD66E3200669945 /* DCInfoLIstModel.h */ = {isa = PBXFileReference; fileEncoding = 4; lastKnownFileType = sourcecode.c.h; path = DCInfoLIstModel.h; sourceTree = "<group>"; };
		4E586B1B1BD66E3200669945 /* DCInfoLIstModel.m */ = {isa = PBXFileReference; fileEncoding = 4; lastKnownFileType = sourcecode.c.objc; path = DCInfoLIstModel.m; sourceTree = "<group>"; };
		4E586B1D1BD66E3200669945 /* DCNewsViewController.h */ = {isa = PBXFileReference; fileEncoding = 4; lastKnownFileType = sourcecode.c.h; path = DCNewsViewController.h; sourceTree = "<group>"; };
		4E586B1E1BD66E3200669945 /* DCNewsViewController.m */ = {isa = PBXFileReference; fileEncoding = 4; lastKnownFileType = sourcecode.c.objc; path = DCNewsViewController.m; sourceTree = "<group>"; };
		4E586B201BD66E3200669945 /* AppDelegate.h */ = {isa = PBXFileReference; fileEncoding = 4; lastKnownFileType = sourcecode.c.h; path = AppDelegate.h; sourceTree = "<group>"; };
		4E586B211BD66E3200669945 /* AppDelegate.m */ = {isa = PBXFileReference; fileEncoding = 4; lastKnownFileType = sourcecode.c.objc; path = AppDelegate.m; sourceTree = "<group>"; };
		4E586B221BD66E3200669945 /* ViewController.h */ = {isa = PBXFileReference; fileEncoding = 4; lastKnownFileType = sourcecode.c.h; path = ViewController.h; sourceTree = "<group>"; };
		4E586B231BD66E3200669945 /* ViewController.m */ = {isa = PBXFileReference; fileEncoding = 4; lastKnownFileType = sourcecode.c.objc; path = ViewController.m; sourceTree = "<group>"; };
		4E586B281BD66E3200669945 /* DCSearchViewController.h */ = {isa = PBXFileReference; fileEncoding = 4; lastKnownFileType = sourcecode.c.h; path = DCSearchViewController.h; sourceTree = "<group>"; };
		4E586B291BD66E3200669945 /* DCSearchViewController.m */ = {isa = PBXFileReference; fileEncoding = 4; lastKnownFileType = sourcecode.c.objc; path = DCSearchViewController.m; sourceTree = "<group>"; };
		4E586B5D1BD66E7900669945 /* Assets.xcassets */ = {isa = PBXFileReference; lastKnownFileType = folder.assetcatalog; path = Assets.xcassets; sourceTree = "<group>"; };
		4E586C151BD6717000669945 /* Base */ = {isa = PBXFileReference; lastKnownFileType = file.storyboard; name = Base; path = Base.lproj/LaunchScreen.storyboard; sourceTree = "<group>"; };
		4E586C171BD6717000669945 /* Base */ = {isa = PBXFileReference; lastKnownFileType = file.storyboard; name = Base; path = Base.lproj/Main.storyboard; sourceTree = "<group>"; };
		4E586C1A1BD671AA00669945 /* classify.plist */ = {isa = PBXFileReference; fileEncoding = 4; lastKnownFileType = text.plist.xml; name = classify.plist; path = ../../classify.plist; sourceTree = "<group>"; };
		4E586C1B1BD671AA00669945 /* Info.plist */ = {isa = PBXFileReference; fileEncoding = 4; lastKnownFileType = text.plist.xml; name = Info.plist; path = ../../Info.plist; sourceTree = "<group>"; };
		4E586C1F1BD673A700669945 /* DCDetailInfoModel.h */ = {isa = PBXFileReference; fileEncoding = 4; lastKnownFileType = sourcecode.c.h; path = DCDetailInfoModel.h; sourceTree = "<group>"; };
		4E586C201BD673A700669945 /* DCDetailInfoModel.m */ = {isa = PBXFileReference; fileEncoding = 4; lastKnownFileType = sourcecode.c.objc; path = DCDetailInfoModel.m; sourceTree = "<group>"; };
/* End PBXFileReference section */

/* Begin PBXFrameworksBuildPhase section */
		4E0561281BD5DBF400135D92 /* Frameworks */ = {
			isa = PBXFrameworksBuildPhase;
			buildActionMask = 2147483647;
			files = (
			);
			runOnlyForDeploymentPostprocessing = 0;
		};
		4E0561411BD5DBF400135D92 /* Frameworks */ = {
			isa = PBXFrameworksBuildPhase;
			buildActionMask = 2147483647;
			files = (
			);
			runOnlyForDeploymentPostprocessing = 0;
		};
		4E05614C1BD5DBF400135D92 /* Frameworks */ = {
			isa = PBXFrameworksBuildPhase;
			buildActionMask = 2147483647;
			files = (
			);
			runOnlyForDeploymentPostprocessing = 0;
		};
/* End PBXFrameworksBuildPhase section */

/* Begin PBXGroup section */
		4E0561221BD5DBF400135D92 = {
			isa = PBXGroup;
			children = (
				4E05612D1BD5DBF400135D92 /* DoUCare */,
				4E0561471BD5DBF400135D92 /* DoUCareTests */,
				4E0561521BD5DBF400135D92 /* DoUCareUITests */,
				4E05612C1BD5DBF400135D92 /* Products */,
			);
			sourceTree = "<group>";
		};
		4E05612C1BD5DBF400135D92 /* Products */ = {
			isa = PBXGroup;
			children = (
				4E05612B1BD5DBF400135D92 /* DoUCare.app */,
				4E0561441BD5DBF400135D92 /* DoUCareTests.xctest */,
				4E05614F1BD5DBF400135D92 /* DoUCareUITests.xctest */,
			);
			name = Products;
			sourceTree = "<group>";
		};
		4E05612D1BD5DBF400135D92 /* DoUCare */ = {
			isa = PBXGroup;
			children = (
				4E586B0A1BD66E3200669945 /* Classes */,
				4E05612E1BD5DBF400135D92 /* Supporting Files */,
			);
			path = DoUCare;
			sourceTree = "<group>";
		};
		4E05612E1BD5DBF400135D92 /* Supporting Files */ = {
			isa = PBXGroup;
			children = (
				4E586B5D1BD66E7900669945 /* Assets.xcassets */,
				4E05612F1BD5DBF400135D92 /* main.m */,
			);
			name = "Supporting Files";
			sourceTree = "<group>";
		};
		4E0561471BD5DBF400135D92 /* DoUCareTests */ = {
			isa = PBXGroup;
			children = (
				4E0561481BD5DBF400135D92 /* DoUCareTests.m */,
				4E05614A1BD5DBF400135D92 /* Info.plist */,
			);
			path = DoUCareTests;
			sourceTree = "<group>";
		};
		4E0561521BD5DBF400135D92 /* DoUCareUITests */ = {
			isa = PBXGroup;
			children = (
				4E0561531BD5DBF400135D92 /* DoUCareUITests.m */,
				4E0561551BD5DBF400135D92 /* Info.plist */,
			);
			path = DoUCareUITests;
			sourceTree = "<group>";
		};
		4E40D7471BD73B5200A6FEFE /* SDWebImage */ = {
			isa = PBXGroup;
			children = (
				4E40D7481BD73B5200A6FEFE /* MKAnnotationView+WebCache.h */,
				4E40D7491BD73B5200A6FEFE /* MKAnnotationView+WebCache.m */,
				4E40D74A1BD73B5200A6FEFE /* NSData+ImageContentType.h */,
				4E40D74B1BD73B5200A6FEFE /* NSData+ImageContentType.m */,
				4E40D74C1BD73B5200A6FEFE /* SDImageCache.h */,
				4E40D74D1BD73B5200A6FEFE /* SDImageCache.m */,
				4E40D74E1BD73B5200A6FEFE /* SDWebImageCompat.h */,
				4E40D74F1BD73B5200A6FEFE /* SDWebImageCompat.m */,
				4E40D7501BD73B5200A6FEFE /* SDWebImageDecoder.h */,
				4E40D7511BD73B5200A6FEFE /* SDWebImageDecoder.m */,
				4E40D7521BD73B5200A6FEFE /* SDWebImageDownloader.h */,
				4E40D7531BD73B5200A6FEFE /* SDWebImageDownloader.m */,
				4E40D7541BD73B5200A6FEFE /* SDWebImageDownloaderOperation.h */,
				4E40D7551BD73B5200A6FEFE /* SDWebImageDownloaderOperation.m */,
				4E40D7561BD73B5200A6FEFE /* SDWebImageManager.h */,
				4E40D7571BD73B5200A6FEFE /* SDWebImageManager.m */,
				4E40D7581BD73B5200A6FEFE /* SDWebImageOperation.h */,
				4E40D7591BD73B5200A6FEFE /* SDWebImagePrefetcher.h */,
				4E40D75A1BD73B5200A6FEFE /* SDWebImagePrefetcher.m */,
				4E40D75B1BD73B5200A6FEFE /* UIButton+WebCache.h */,
				4E40D75C1BD73B5200A6FEFE /* UIButton+WebCache.m */,
				4E40D75D1BD73B5200A6FEFE /* UIImage+GIF.h */,
				4E40D75E1BD73B5200A6FEFE /* UIImage+GIF.m */,
				4E40D75F1BD73B5200A6FEFE /* UIImage+MultiFormat.h */,
				4E40D7601BD73B5200A6FEFE /* UIImage+MultiFormat.m */,
				4E40D7611BD73B5200A6FEFE /* UIImage+WebP.h */,
				4E40D7621BD73B5200A6FEFE /* UIImage+WebP.m */,
				4E40D7631BD73B5200A6FEFE /* UIImageView+HighlightedWebCache.h */,
				4E40D7641BD73B5200A6FEFE /* UIImageView+HighlightedWebCache.m */,
				4E40D7651BD73B5200A6FEFE /* UIImageView+WebCache.h */,
				4E40D7661BD73B5200A6FEFE /* UIImageView+WebCache.m */,
				4E40D7671BD73B5200A6FEFE /* UIView+WebCacheOperation.h */,
				4E40D7681BD73B5200A6FEFE /* UIView+WebCacheOperation.m */,
			);
			path = SDWebImage;
			sourceTree = "<group>";
		};
		4E586B0A1BD66E3200669945 /* Classes */ = {
			isa = PBXGroup;
			children = (
				4E586B0E1BD66E3200669945 /* Infomation(健康资讯) */,
				4E586B1C1BD66E3200669945 /* News(最新资讯) */,
				4E586B271BD66E3200669945 /* Search(搜索) */,
				4E586B0B1BD66E3200669945 /* Collection(收藏) */,
				4E586B111BD66E3200669945 /* Main(主要) */,
				4E586B1F1BD66E3200669945 /* Other */,
				4E586B241BD66E3200669945 /* Plist */,
				4E586B2A1BD66E3200669945 /* Vender */,
			);
			path = Classes;
			sourceTree = "<group>";
		};
		4E586B0B1BD66E3200669945 /* Collection(收藏) */ = {
			isa = PBXGroup;
			children = (
				4E586B0C1BD66E3200669945 /* DCCollectionViewController.h */,
				4E586B0D1BD66E3200669945 /* DCCollectionViewController.m */,
			);
			path = "Collection(收藏)";
			sourceTree = "<group>";
		};
		4E586B0E1BD66E3200669945 /* Infomation(健康资讯) */ = {
			isa = PBXGroup;
			children = (
				4E586B0F1BD66E3200669945 /* DCMainInfoViewController.h */,
				4E586B101BD66E3200669945 /* DCMainInfoViewController.m */,
				4E40D7441BD72D7200A6FEFE /* DCInfoListCell.h */,
				4E40D7451BD72D7200A6FEFE /* DCInfoListCell.m */,
			);
			path = "Infomation(健康资讯)";
			sourceTree = "<group>";
		};
		4E586B111BD66E3200669945 /* Main(主要) */ = {
			isa = PBXGroup;
			children = (
				4E586C1E1BD671DA00669945 /* View */,
				4E586B121BD66E3200669945 /* Controller */,
				4E586B171BD66E3200669945 /* Model */,
			);
			path = "Main(主要)";
			sourceTree = "<group>";
		};
		4E586B121BD66E3200669945 /* Controller */ = {
			isa = PBXGroup;
			children = (
				4E586B131BD66E3200669945 /* DCNavController.h */,
				4E586B141BD66E3200669945 /* DCNavController.m */,
				4E586B151BD66E3200669945 /* DCTabBarController.h */,
				4E586B161BD66E3200669945 /* DCTabBarController.m */,
			);
			path = Controller;
			sourceTree = "<group>";
		};
		4E586B171BD66E3200669945 /* Model */ = {
			isa = PBXGroup;
			children = (
				4E586B181BD66E3200669945 /* BaseModel.h */,
				4E586B191BD66E3200669945 /* BaseModel.m */,
				4E586B1A1BD66E3200669945 /* DCInfoLIstModel.h */,
				4E586B1B1BD66E3200669945 /* DCInfoLIstModel.m */,
				4E586C1F1BD673A700669945 /* DCDetailInfoModel.h */,
				4E586C201BD673A700669945 /* DCDetailInfoModel.m */,
			);
			path = Model;
			sourceTree = "<group>";
		};
		4E586B1C1BD66E3200669945 /* News(最新资讯) */ = {
			isa = PBXGroup;
			children = (
				4E586B1D1BD66E3200669945 /* DCNewsViewController.h */,
				4E586B1E1BD66E3200669945 /* DCNewsViewController.m */,
			);
			path = "News(最新资讯)";
			sourceTree = "<group>";
		};
		4E586B1F1BD66E3200669945 /* Other */ = {
			isa = PBXGroup;
			children = (
				4E586B201BD66E3200669945 /* AppDelegate.h */,
				4E586B211BD66E3200669945 /* AppDelegate.m */,
				4E586B221BD66E3200669945 /* ViewController.h */,
				4E586B231BD66E3200669945 /* ViewController.m */,
			);
			path = Other;
			sourceTree = "<group>";
		};
		4E586B241BD66E3200669945 /* Plist */ = {
			isa = PBXGroup;
			children = (
				4E586C1A1BD671AA00669945 /* classify.plist */,
				4E586C1B1BD671AA00669945 /* Info.plist */,
			);
			path = Plist;
			sourceTree = "<group>";
		};
		4E586B271BD66E3200669945 /* Search(搜索) */ = {
			isa = PBXGroup;
			children = (
				4E586B281BD66E3200669945 /* DCSearchViewController.h */,
				4E586B291BD66E3200669945 /* DCSearchViewController.m */,
			);
			path = "Search(搜索)";
			sourceTree = "<group>";
		};
		4E586B2A1BD66E3200669945 /* Vender */ = {
			isa = PBXGroup;
			children = (
				4E40D7471BD73B5200A6FEFE /* SDWebImage */,
			);
			path = Vender;
			sourceTree = "<group>";
		};
		4E586C1E1BD671DA00669945 /* View */ = {
			isa = PBXGroup;
			children = (
				4E586C141BD6717000669945 /* LaunchScreen.storyboard */,
				4E586C161BD6717000669945 /* Main.storyboard */,
			);
			path = View;
			sourceTree = "<group>";
		};
/* End PBXGroup section */

/* Begin PBXNativeTarget section */
		4E05612A1BD5DBF400135D92 /* DoUCare */ = {
			isa = PBXNativeTarget;
			buildConfigurationList = 4E0561581BD5DBF400135D92 /* Build configuration list for PBXNativeTarget "DoUCare" */;
			buildPhases = (
				4E0561271BD5DBF400135D92 /* Sources */,
				4E0561281BD5DBF400135D92 /* Frameworks */,
				4E0561291BD5DBF400135D92 /* Resources */,
			);
			buildRules = (
			);
			dependencies = (
			);
			name = DoUCare;
			productName = DoUCare;
			productReference = 4E05612B1BD5DBF400135D92 /* DoUCare.app */;
			productType = "com.apple.product-type.application";
		};
		4E0561431BD5DBF400135D92 /* DoUCareTests */ = {
			isa = PBXNativeTarget;
			buildConfigurationList = 4E05615B1BD5DBF400135D92 /* Build configuration list for PBXNativeTarget "DoUCareTests" */;
			buildPhases = (
				4E0561401BD5DBF400135D92 /* Sources */,
				4E0561411BD5DBF400135D92 /* Frameworks */,
				4E0561421BD5DBF400135D92 /* Resources */,
			);
			buildRules = (
			);
			dependencies = (
				4E0561461BD5DBF400135D92 /* PBXTargetDependency */,
			);
			name = DoUCareTests;
			productName = DoUCareTests;
			productReference = 4E0561441BD5DBF400135D92 /* DoUCareTests.xctest */;
			productType = "com.apple.product-type.bundle.unit-test";
		};
		4E05614E1BD5DBF400135D92 /* DoUCareUITests */ = {
			isa = PBXNativeTarget;
			buildConfigurationList = 4E05615E1BD5DBF400135D92 /* Build configuration list for PBXNativeTarget "DoUCareUITests" */;
			buildPhases = (
				4E05614B1BD5DBF400135D92 /* Sources */,
				4E05614C1BD5DBF400135D92 /* Frameworks */,
				4E05614D1BD5DBF400135D92 /* Resources */,
			);
			buildRules = (
			);
			dependencies = (
				4E0561511BD5DBF400135D92 /* PBXTargetDependency */,
			);
			name = DoUCareUITests;
			productName = DoUCareUITests;
			productReference = 4E05614F1BD5DBF400135D92 /* DoUCareUITests.xctest */;
			productType = "com.apple.product-type.bundle.ui-testing";
		};
/* End PBXNativeTarget section */

/* Begin PBXProject section */
		4E0561231BD5DBF400135D92 /* Project object */ = {
			isa = PBXProject;
			attributes = {
				CLASSPREFIX = DC;
				LastUpgradeCheck = 0700;
				ORGANIZATIONNAME = DemonChou;
				TargetAttributes = {
					4E05612A1BD5DBF400135D92 = {
						CreatedOnToolsVersion = 7.0;
						DevelopmentTeam = L7L5H355RB;
					};
					4E0561431BD5DBF400135D92 = {
						CreatedOnToolsVersion = 7.0;
						DevelopmentTeam = L7L5H355RB;
						TestTargetID = 4E05612A1BD5DBF400135D92;
					};
					4E05614E1BD5DBF400135D92 = {
						CreatedOnToolsVersion = 7.0;
						DevelopmentTeam = L7L5H355RB;
						TestTargetID = 4E05612A1BD5DBF400135D92;
					};
				};
			};
			buildConfigurationList = 4E0561261BD5DBF400135D92 /* Build configuration list for PBXProject "DoUCare" */;
			compatibilityVersion = "Xcode 3.2";
			developmentRegion = English;
			hasScannedForEncodings = 0;
			knownRegions = (
				en,
				Base,
			);
			mainGroup = 4E0561221BD5DBF400135D92;
			productRefGroup = 4E05612C1BD5DBF400135D92 /* Products */;
			projectDirPath = "";
			projectRoot = "";
			targets = (
				4E05612A1BD5DBF400135D92 /* DoUCare */,
				4E0561431BD5DBF400135D92 /* DoUCareTests */,
				4E05614E1BD5DBF400135D92 /* DoUCareUITests */,
			);
		};
/* End PBXProject section */

/* Begin PBXResourcesBuildPhase section */
		4E0561291BD5DBF400135D92 /* Resources */ = {
			isa = PBXResourcesBuildPhase;
			buildActionMask = 2147483647;
			files = (
				4E586C1C1BD671AA00669945 /* classify.plist in Resources */,
				4E586C191BD6717000669945 /* Main.storyboard in Resources */,
				4E586C181BD6717000669945 /* LaunchScreen.storyboard in Resources */,
				4E586B5E1BD66E7900669945 /* Assets.xcassets in Resources */,
				4E586C1D1BD671AA00669945 /* Info.plist in Resources */,
			);
			runOnlyForDeploymentPostprocessing = 0;
		};
		4E0561421BD5DBF400135D92 /* Resources */ = {
			isa = PBXResourcesBuildPhase;
			buildActionMask = 2147483647;
			files = (
			);
			runOnlyForDeploymentPostprocessing = 0;
		};
		4E05614D1BD5DBF400135D92 /* Resources */ = {
			isa = PBXResourcesBuildPhase;
			buildActionMask = 2147483647;
			files = (
			);
			runOnlyForDeploymentPostprocessing = 0;
		};
/* End PBXResourcesBuildPhase section */

/* Begin PBXSourcesBuildPhase section */
		4E0561271BD5DBF400135D92 /* Sources */ = {
			isa = PBXSourcesBuildPhase;
			buildActionMask = 2147483647;
			files = (
				4E586B4D1BD66E3200669945 /* DCSearchViewController.m in Sources */,
				4E40D7751BD73B5200A6FEFE /* UIImage+WebP.m in Sources */,
				4E40D7461BD72D7200A6FEFE /* DCInfoListCell.m in Sources */,
				4E586B461BD66E3200669945 /* BaseModel.m in Sources */,
				4E586B471BD66E3200669945 /* DCInfoLIstModel.m in Sources */,
				4E586B491BD66E3200669945 /* AppDelegate.m in Sources */,
				4E586B441BD66E3200669945 /* DCNavController.m in Sources */,
				4E40D76F1BD73B5200A6FEFE /* SDWebImageDownloaderOperation.m in Sources */,
				4E586B4A1BD66E3200669945 /* ViewController.m in Sources */,
				4E40D76B1BD73B5200A6FEFE /* SDImageCache.m in Sources */,
				4E0561301BD5DBF400135D92 /* main.m in Sources */,
				4E586B481BD66E3200669945 /* DCNewsViewController.m in Sources */,
				4E586B421BD66E3200669945 /* DCCollectionViewController.m in Sources */,
				4E40D76C1BD73B5200A6FEFE /* SDWebImageCompat.m in Sources */,
				4E40D76A1BD73B5200A6FEFE /* NSData+ImageContentType.m in Sources */,
				4E586C211BD673A700669945 /* DCDetailInfoModel.m in Sources */,
				4E40D7701BD73B5200A6FEFE /* SDWebImageManager.m in Sources */,
				4E40D76E1BD73B5200A6FEFE /* SDWebImageDownloader.m in Sources */,
				4E40D7771BD73B5200A6FEFE /* UIImageView+WebCache.m in Sources */,
				4E40D7761BD73B5200A6FEFE /* UIImageView+HighlightedWebCache.m in Sources */,
				4E40D7691BD73B5200A6FEFE /* MKAnnotationView+WebCache.m in Sources */,
				4E40D7731BD73B5200A6FEFE /* UIImage+GIF.m in Sources */,
				4E586B431BD66E3200669945 /* DCMainInfoViewController.m in Sources */,
				4E40D7711BD73B5200A6FEFE /* SDWebImagePrefetcher.m in Sources */,
				4E40D7721BD73B5200A6FEFE /* UIButton+WebCache.m in Sources */,
				4E40D7741BD73B5200A6FEFE /* UIImage+MultiFormat.m in Sources */,
				4E40D76D1BD73B5200A6FEFE /* SDWebImageDecoder.m in Sources */,
				4E40D7781BD73B5200A6FEFE /* UIView+WebCacheOperation.m in Sources */,
				4E586B451BD66E3200669945 /* DCTabBarController.m in Sources */,
			);
			runOnlyForDeploymentPostprocessing = 0;
		};
		4E0561401BD5DBF400135D92 /* Sources */ = {
			isa = PBXSourcesBuildPhase;
			buildActionMask = 2147483647;
			files = (
				4E0561491BD5DBF400135D92 /* DoUCareTests.m in Sources */,
			);
			runOnlyForDeploymentPostprocessing = 0;
		};
		4E05614B1BD5DBF400135D92 /* Sources */ = {
			isa = PBXSourcesBuildPhase;
			buildActionMask = 2147483647;
			files = (
				4E0561541BD5DBF400135D92 /* DoUCareUITests.m in Sources */,
			);
			runOnlyForDeploymentPostprocessing = 0;
		};
/* End PBXSourcesBuildPhase section */

/* Begin PBXTargetDependency section */
		4E0561461BD5DBF400135D92 /* PBXTargetDependency */ = {
			isa = PBXTargetDependency;
			target = 4E05612A1BD5DBF400135D92 /* DoUCare */;
			targetProxy = 4E0561451BD5DBF400135D92 /* PBXContainerItemProxy */;
		};
		4E0561511BD5DBF400135D92 /* PBXTargetDependency */ = {
			isa = PBXTargetDependency;
			target = 4E05612A1BD5DBF400135D92 /* DoUCare */;
			targetProxy = 4E0561501BD5DBF400135D92 /* PBXContainerItemProxy */;
		};
/* End PBXTargetDependency section */

/* Begin PBXVariantGroup section */
		4E586C141BD6717000669945 /* LaunchScreen.storyboard */ = {
			isa = PBXVariantGroup;
			children = (
				4E586C151BD6717000669945 /* Base */,
			);
			name = LaunchScreen.storyboard;
			path = ../../..;
			sourceTree = "<group>";
		};
		4E586C161BD6717000669945 /* Main.storyboard */ = {
			isa = PBXVariantGroup;
			children = (
				4E586C171BD6717000669945 /* Base */,
			);
			name = Main.storyboard;
			path = ../../..;
			sourceTree = "<group>";
		};
/* End PBXVariantGroup section */

/* Begin XCBuildConfiguration section */
		4E0561561BD5DBF400135D92 /* Debug */ = {
			isa = XCBuildConfiguration;
			buildSettings = {
				ALWAYS_SEARCH_USER_PATHS = NO;
				CLANG_CXX_LANGUAGE_STANDARD = "gnu++0x";
				CLANG_CXX_LIBRARY = "libc++";
				CLANG_ENABLE_MODULES = YES;
				CLANG_ENABLE_OBJC_ARC = YES;
				CLANG_WARN_BOOL_CONVERSION = YES;
				CLANG_WARN_CONSTANT_CONVERSION = YES;
				CLANG_WARN_DIRECT_OBJC_ISA_USAGE = YES_ERROR;
				CLANG_WARN_EMPTY_BODY = YES;
				CLANG_WARN_ENUM_CONVERSION = YES;
				CLANG_WARN_INT_CONVERSION = YES;
				CLANG_WARN_OBJC_ROOT_CLASS = YES_ERROR;
				CLANG_WARN_UNREACHABLE_CODE = YES;
				CLANG_WARN__DUPLICATE_METHOD_MATCH = YES;
				"CODE_SIGN_IDENTITY[sdk=iphoneos*]" = "iPhone Developer";
				COPY_PHASE_STRIP = NO;
				DEBUG_INFORMATION_FORMAT = dwarf;
				ENABLE_STRICT_OBJC_MSGSEND = YES;
				ENABLE_TESTABILITY = YES;
				GCC_C_LANGUAGE_STANDARD = gnu99;
				GCC_DYNAMIC_NO_PIC = NO;
				GCC_NO_COMMON_BLOCKS = YES;
				GCC_OPTIMIZATION_LEVEL = 0;
				GCC_PREPROCESSOR_DEFINITIONS = (
					"DEBUG=1",
					"$(inherited)",
				);
				GCC_WARN_64_TO_32_BIT_CONVERSION = YES;
				GCC_WARN_ABOUT_RETURN_TYPE = YES_ERROR;
				GCC_WARN_UNDECLARED_SELECTOR = YES;
				GCC_WARN_UNINITIALIZED_AUTOS = YES_AGGRESSIVE;
				GCC_WARN_UNUSED_FUNCTION = YES;
				GCC_WARN_UNUSED_VARIABLE = YES;
				IPHONEOS_DEPLOYMENT_TARGET = 9.0;
				MTL_ENABLE_DEBUG_INFO = YES;
				ONLY_ACTIVE_ARCH = YES;
				SDKROOT = iphoneos;
			};
			name = Debug;
		};
		4E0561571BD5DBF400135D92 /* Release */ = {
			isa = XCBuildConfiguration;
			buildSettings = {
				ALWAYS_SEARCH_USER_PATHS = NO;
				CLANG_CXX_LANGUAGE_STANDARD = "gnu++0x";
				CLANG_CXX_LIBRARY = "libc++";
				CLANG_ENABLE_MODULES = YES;
				CLANG_ENABLE_OBJC_ARC = YES;
				CLANG_WARN_BOOL_CONVERSION = YES;
				CLANG_WARN_CONSTANT_CONVERSION = YES;
				CLANG_WARN_DIRECT_OBJC_ISA_USAGE = YES_ERROR;
				CLANG_WARN_EMPTY_BODY = YES;
				CLANG_WARN_ENUM_CONVERSION = YES;
				CLANG_WARN_INT_CONVERSION = YES;
				CLANG_WARN_OBJC_ROOT_CLASS = YES_ERROR;
				CLANG_WARN_UNREACHABLE_CODE = YES;
				CLANG_WARN__DUPLICATE_METHOD_MATCH = YES;
				"CODE_SIGN_IDENTITY[sdk=iphoneos*]" = "iPhone Developer";
				COPY_PHASE_STRIP = NO;
				DEBUG_INFORMATION_FORMAT = "dwarf-with-dsym";
				ENABLE_NS_ASSERTIONS = NO;
				ENABLE_STRICT_OBJC_MSGSEND = YES;
				GCC_C_LANGUAGE_STANDARD = gnu99;
				GCC_NO_COMMON_BLOCKS = YES;
				GCC_WARN_64_TO_32_BIT_CONVERSION = YES;
				GCC_WARN_ABOUT_RETURN_TYPE = YES_ERROR;
				GCC_WARN_UNDECLARED_SELECTOR = YES;
				GCC_WARN_UNINITIALIZED_AUTOS = YES_AGGRESSIVE;
				GCC_WARN_UNUSED_FUNCTION = YES;
				GCC_WARN_UNUSED_VARIABLE = YES;
				IPHONEOS_DEPLOYMENT_TARGET = 9.0;
				MTL_ENABLE_DEBUG_INFO = NO;
				SDKROOT = iphoneos;
				VALIDATE_PRODUCT = YES;
			};
			name = Release;
		};
		4E0561591BD5DBF400135D92 /* Debug */ = {
			isa = XCBuildConfiguration;
			buildSettings = {
				ASSETCATALOG_COMPILER_APPICON_NAME = AppIcon;
				INFOPLIST_FILE = DoUCare/Info.plist;
				LD_RUNPATH_SEARCH_PATHS = "$(inherited) @executable_path/Frameworks";
				PRODUCT_BUNDLE_IDENTIFIER = com.demonchou.DoUCare;
				PRODUCT_NAME = "$(TARGET_NAME)";
			};
			name = Debug;
		};
		4E05615A1BD5DBF400135D92 /* Release */ = {
			isa = XCBuildConfiguration;
			buildSettings = {
				ASSETCATALOG_COMPILER_APPICON_NAME = AppIcon;
				INFOPLIST_FILE = DoUCare/Info.plist;
				LD_RUNPATH_SEARCH_PATHS = "$(inherited) @executable_path/Frameworks";
				PRODUCT_BUNDLE_IDENTIFIER = com.demonchou.DoUCare;
				PRODUCT_NAME = "$(TARGET_NAME)";
			};
			name = Release;
		};
		4E05615C1BD5DBF400135D92 /* Debug */ = {
			isa = XCBuildConfiguration;
			buildSettings = {
				BUNDLE_LOADER = "$(TEST_HOST)";
				INFOPLIST_FILE = DoUCareTests/Info.plist;
				LD_RUNPATH_SEARCH_PATHS = "$(inherited) @executable_path/Frameworks @loader_path/Frameworks";
				PRODUCT_BUNDLE_IDENTIFIER = com.demonchou.DoUCareTests;
				PRODUCT_NAME = "$(TARGET_NAME)";
				TEST_HOST = "$(BUILT_PRODUCTS_DIR)/DoUCare.app/DoUCare";
			};
			name = Debug;
		};
		4E05615D1BD5DBF400135D92 /* Release */ = {
			isa = XCBuildConfiguration;
			buildSettings = {
				BUNDLE_LOADER = "$(TEST_HOST)";
				INFOPLIST_FILE = DoUCareTests/Info.plist;
				LD_RUNPATH_SEARCH_PATHS = "$(inherited) @executable_path/Frameworks @loader_path/Frameworks";
				PRODUCT_BUNDLE_IDENTIFIER = com.demonchou.DoUCareTests;
				PRODUCT_NAME = "$(TARGET_NAME)";
				TEST_HOST = "$(BUILT_PRODUCTS_DIR)/DoUCare.app/DoUCare";
			};
			name = Release;
		};
		4E05615F1BD5DBF400135D92 /* Debug */ = {
			isa = XCBuildConfiguration;
			buildSettings = {
				INFOPLIST_FILE = DoUCareUITests/Info.plist;
				LD_RUNPATH_SEARCH_PATHS = "$(inherited) @executable_path/Frameworks @loader_path/Frameworks";
				PRODUCT_BUNDLE_IDENTIFIER = com.demonchou.DoUCareUITests;
				PRODUCT_NAME = "$(TARGET_NAME)";
				TEST_TARGET_NAME = DoUCare;
				USES_XCTRUNNER = YES;
			};
			name = Debug;
		};
		4E0561601BD5DBF400135D92 /* Release */ = {
			isa = XCBuildConfiguration;
			buildSettings = {
				INFOPLIST_FILE = DoUCareUITests/Info.plist;
				LD_RUNPATH_SEARCH_PATHS = "$(inherited) @executable_path/Frameworks @loader_path/Frameworks";
				PRODUCT_BUNDLE_IDENTIFIER = com.demonchou.DoUCareUITests;
				PRODUCT_NAME = "$(TARGET_NAME)";
				TEST_TARGET_NAME = DoUCare;
				USES_XCTRUNNER = YES;
			};
			name = Release;
		};
/* End XCBuildConfiguration section */

/* Begin XCConfigurationList section */
		4E0561261BD5DBF400135D92 /* Build configuration list for PBXProject "DoUCare" */ = {
			isa = XCConfigurationList;
			buildConfigurations = (
				4E0561561BD5DBF400135D92 /* Debug */,
				4E0561571BD5DBF400135D92 /* Release */,
			);
			defaultConfigurationIsVisible = 0;
			defaultConfigurationName = Release;
		};
		4E0561581BD5DBF400135D92 /* Build configuration list for PBXNativeTarget "DoUCare" */ = {
			isa = XCConfigurationList;
			buildConfigurations = (
				4E0561591BD5DBF400135D92 /* Debug */,
				4E05615A1BD5DBF400135D92 /* Release */,
			);
			defaultConfigurationIsVisible = 0;
			defaultConfigurationName = Release;
		};
		4E05615B1BD5DBF400135D92 /* Build configuration list for PBXNativeTarget "DoUCareTests" */ = {
			isa = XCConfigurationList;
			buildConfigurations = (
				4E05615C1BD5DBF400135D92 /* Debug */,
				4E05615D1BD5DBF400135D92 /* Release */,
			);
			defaultConfigurationIsVisible = 0;
			defaultConfigurationName = Release;
		};
		4E05615E1BD5DBF400135D92 /* Build configuration list for PBXNativeTarget "DoUCareUITests" */ = {
			isa = XCConfigurationList;
			buildConfigurations = (
				4E05615F1BD5DBF400135D92 /* Debug */,
				4E0561601BD5DBF400135D92 /* Release */,
			);
			defaultConfigurationIsVisible = 0;
			defaultConfigurationName = Release;
		};
/* End XCConfigurationList section */
	};
	rootObject = 4E0561231BD5DBF400135D92 /* Project object */;
}
